// !$*UTF8*$!
{
	archiveVersion = 1;
	classes = {
	};
	objectVersion = 46;
	objects = {

/* Begin PBXBuildFile section */
		DD49861A1E4AA82600480356 /* AppDelegate.swift in Sources */ = {isa = PBXBuildFile; fileRef = DD4986191E4AA82600480356 /* AppDelegate.swift */; };
		DD49861C1E4AA82600480356 /* ViewController.swift in Sources */ = {isa = PBXBuildFile; fileRef = DD49861B1E4AA82600480356 /* ViewController.swift */; };
		DD49861F1E4AA82600480356 /* Main.storyboard in Resources */ = {isa = PBXBuildFile; fileRef = DD49861D1E4AA82600480356 /* Main.storyboard */; };
		DD4986211E4AA82600480356 /* Assets.xcassets in Resources */ = {isa = PBXBuildFile; fileRef = DD4986201E4AA82600480356 /* Assets.xcassets */; };
		DD4986241E4AA82600480356 /* LaunchScreen.storyboard in Resources */ = {isa = PBXBuildFile; fileRef = DD4986221E4AA82600480356 /* LaunchScreen.storyboard */; };
		DD49862F1E4AA82600480356 /* IsItPrimeTests.swift in Sources */ = {isa = PBXBuildFile; fileRef = DD49862E1E4AA82600480356 /* IsItPrimeTests.swift */; };
		DD49863A1E4AA82600480356 /* IsItPrimeUITests.swift in Sources */ = {isa = PBXBuildFile; fileRef = DD4986391E4AA82600480356 /* IsItPrimeUITests.swift */; };
/* End PBXBuildFile section */

/* Begin PBXContainerItemProxy section */
		DD49862B1E4AA82600480356 /* PBXContainerItemProxy */ = {
			isa = PBXContainerItemProxy;
			containerPortal = DD49860E1E4AA82600480356 /* Project object */;
			proxyType = 1;
			remoteGlobalIDString = DD4986151E4AA82600480356;
			remoteInfo = IsItPrime;
		};
		DD4986361E4AA82600480356 /* PBXContainerItemProxy */ = {
			isa = PBXContainerItemProxy;
			containerPortal = DD49860E1E4AA82600480356 /* Project object */;
			proxyType = 1;
			remoteGlobalIDString = DD4986151E4AA82600480356;
			remoteInfo = IsItPrime;
		};
/* End PBXContainerItemProxy section */

/* Begin PBXFileReference section */
		DD4986161E4AA82600480356 /* IsItPrime.app */ = {isa = PBXFileReference; explicitFileType = wrapper.application; includeInIndex = 0; path = IsItPrime.app; sourceTree = BUILT_PRODUCTS_DIR; };
		DD4986191E4AA82600480356 /* AppDelegate.swift */ = {isa = PBXFileReference; lastKnownFileType = sourcecode.swift; path = AppDelegate.swift; sourceTree = "<group>"; };
		DD49861B1E4AA82600480356 /* ViewController.swift */ = {isa = PBXFileReference; lastKnownFileType = sourcecode.swift; path = ViewController.swift; sourceTree = "<group>"; };
		DD49861E1E4AA82600480356 /* Base */ = {isa = PBXFileReference; lastKnownFileType = file.storyboard; name = Base; path = Base.lproj/Main.storyboard; sourceTree = "<group>"; };
		DD4986201E4AA82600480356 /* Assets.xcassets */ = {isa = PBXFileReference; lastKnownFileType = folder.assetcatalog; path = Assets.xcassets; sourceTree = "<group>"; };
		DD4986231E4AA82600480356 /* Base */ = {isa = PBXFileReference; lastKnownFileType = file.storyboard; name = Base; path = Base.lproj/LaunchScreen.storyboard; sourceTree = "<group>"; };
		DD4986251E4AA82600480356 /* Info.plist */ = {isa = PBXFileReference; lastKnownFileType = text.plist.xml; path = Info.plist; sourceTree = "<group>"; };
		DD49862A1E4AA82600480356 /* IsItPrimeTests.xctest */ = {isa = PBXFileReference; explicitFileType = wrapper.cfbundle; includeInIndex = 0; path = IsItPrimeTests.xctest; sourceTree = BUILT_PRODUCTS_DIR; };
		DD49862E1E4AA82600480356 /* IsItPrimeTests.swift */ = {isa = PBXFileReference; lastKnownFileType = sourcecode.swift; path = IsItPrimeTests.swift; sourceTree = "<group>"; };
		DD4986301E4AA82600480356 /* Info.plist */ = {isa = PBXFileReference; lastKnownFileType = text.plist.xml; path = Info.plist; sourceTree = "<group>"; };
		DD4986351E4AA82600480356 /* IsItPrimeUITests.xctest */ = {isa = PBXFileReference; explicitFileType = wrapper.cfbundle; includeInIndex = 0; path = IsItPrimeUITests.xctest; sourceTree = BUILT_PRODUCTS_DIR; };
		DD4986391E4AA82600480356 /* IsItPrimeUITests.swift */ = {isa = PBXFileReference; lastKnownFileType = sourcecode.swift; path = IsItPrimeUITests.swift; sourceTree = "<group>"; };
		DD49863B1E4AA82600480356 /* Info.plist */ = {isa = PBXFileReference; lastKnownFileType = text.plist.xml; path = Info.plist; sourceTree = "<group>"; };
/* End PBXFileReference section */

/* Begin PBXFrameworksBuildPhase section */
		DD4986131E4AA82600480356 /* Frameworks */ = {
			isa = PBXFrameworksBuildPhase;
			buildActionMask = 2147483647;
			files = (
			);
			runOnlyForDeploymentPostprocessing = 0;
		};
		DD4986271E4AA82600480356 /* Frameworks */ = {
			isa = PBXFrameworksBuildPhase;
			buildActionMask = 2147483647;
			files = (
			);
			runOnlyForDeploymentPostprocessing = 0;
		};
		DD4986321E4AA82600480356 /* Frameworks */ = {
			isa = PBXFrameworksBuildPhase;
			buildActionMask = 2147483647;
			files = (
			);
			runOnlyForDeploymentPostprocessing = 0;
		};
/* End PBXFrameworksBuildPhase section */

/* Begin PBXGroup section */
		DD49860D1E4AA82600480356 = {
			isa = PBXGroup;
			children = (
				DD4986181E4AA82600480356 /* IsItPrime */,
				DD49862D1E4AA82600480356 /* IsItPrimeTests */,
				DD4986381E4AA82600480356 /* IsItPrimeUITests */,
				DD4986171E4AA82600480356 /* Products */,
			);
			sourceTree = "<group>";
		};
		DD4986171E4AA82600480356 /* Products */ = {
			isa = PBXGroup;
			children = (
				DD4986161E4AA82600480356 /* IsItPrime.app */,
				DD49862A1E4AA82600480356 /* IsItPrimeTests.xctest */,
				DD4986351E4AA82600480356 /* IsItPrimeUITests.xctest */,
			);
			name = Products;
			sourceTree = "<group>";
		};
		DD4986181E4AA82600480356 /* IsItPrime */ = {
			isa = PBXGroup;
			children = (
				DD4986191E4AA82600480356 /* AppDelegate.swift */,
				DD49861B1E4AA82600480356 /* ViewController.swift */,
				DD49861D1E4AA82600480356 /* Main.storyboard */,
				DD4986201E4AA82600480356 /* Assets.xcassets */,
				DD4986221E4AA82600480356 /* LaunchScreen.storyboard */,
				DD4986251E4AA82600480356 /* Info.plist */,
			);
			path = IsItPrime;
			sourceTree = "<group>";
		};
		DD49862D1E4AA82600480356 /* IsItPrimeTests */ = {
			isa = PBXGroup;
			children = (
				DD49862E1E4AA82600480356 /* IsItPrimeTests.swift */,
				DD4986301E4AA82600480356 /* Info.plist */,
			);
			path = IsItPrimeTests;
			sourceTree = "<group>";
		};
		DD4986381E4AA82600480356 /* IsItPrimeUITests */ = {
			isa = PBXGroup;
			children = (
				DD4986391E4AA82600480356 /* IsItPrimeUITests.swift */,
				DD49863B1E4AA82600480356 /* Info.plist */,
			);
			path = IsItPrimeUITests;
			sourceTree = "<group>";
		};
/* End PBXGroup section */

/* Begin PBXNativeTarget section */
		DD4986151E4AA82600480356 /* IsItPrime */ = {
			isa = PBXNativeTarget;
			buildConfigurationList = DD49863E1E4AA82600480356 /* Build configuration list for PBXNativeTarget "IsItPrime" */;
			buildPhases = (
				DD4986121E4AA82600480356 /* Sources */,
				DD4986131E4AA82600480356 /* Frameworks */,
				DD4986141E4AA82600480356 /* Resources */,
			);
			buildRules = (
			);
			dependencies = (
			);
			name = IsItPrime;
			productName = IsItPrime;
			productReference = DD4986161E4AA82600480356 /* IsItPrime.app */;
			productType = "com.apple.product-type.application";
		};
		DD4986291E4AA82600480356 /* IsItPrimeTests */ = {
			isa = PBXNativeTarget;
			buildConfigurationList = DD4986411E4AA82600480356 /* Build configuration list for PBXNativeTarget "IsItPrimeTests" */;
			buildPhases = (
				DD4986261E4AA82600480356 /* Sources */,
				DD4986271E4AA82600480356 /* Frameworks */,
				DD4986281E4AA82600480356 /* Resources */,
			);
			buildRules = (
			);
			dependencies = (
				DD49862C1E4AA82600480356 /* PBXTargetDependency */,
			);
			name = IsItPrimeTests;
			productName = IsItPrimeTests;
			productReference = DD49862A1E4AA82600480356 /* IsItPrimeTests.xctest */;
			productType = "com.apple.product-type.bundle.unit-test";
		};
		DD4986341E4AA82600480356 /* IsItPrimeUITests */ = {
			isa = PBXNativeTarget;
			buildConfigurationList = DD4986441E4AA82600480356 /* Build configuration list for PBXNativeTarget "IsItPrimeUITests" */;
			buildPhases = (
				DD4986311E4AA82600480356 /* Sources */,
				DD4986321E4AA82600480356 /* Frameworks */,
				DD4986331E4AA82600480356 /* Resources */,
			);
			buildRules = (
			);
			dependencies = (
				DD4986371E4AA82600480356 /* PBXTargetDependency */,
			);
			name = IsItPrimeUITests;
			productName = IsItPrimeUITests;
			productReference = DD4986351E4AA82600480356 /* IsItPrimeUITests.xctest */;
			productType = "com.apple.product-type.bundle.ui-testing";
		};
/* End PBXNativeTarget section */

/* Begin PBXProject section */
		DD49860E1E4AA82600480356 /* Project object */ = {
			isa = PBXProject;
			attributes = {
				LastSwiftUpdateCheck = 0710;
				LastUpgradeCheck = 0710;
				ORGANIZATIONNAME = "Niket Shah";
				TargetAttributes = {
					DD4986151E4AA82600480356 = {
						CreatedOnToolsVersion = 7.1.1;
					};
					DD4986291E4AA82600480356 = {
						CreatedOnToolsVersion = 7.1.1;
						TestTargetID = DD4986151E4AA82600480356;
					};
					DD4986341E4AA82600480356 = {
						CreatedOnToolsVersion = 7.1.1;
						TestTargetID = DD4986151E4AA82600480356;
					};
				};
			};
			buildConfigurationList = DD4986111E4AA82600480356 /* Build configuration list for PBXProject "IsItPrime" */;
			compatibilityVersion = "Xcode 3.2";
			developmentRegion = English;
			hasScannedForEncodings = 0;
			knownRegions = (
				en,
				Base,
			);
			mainGroup = DD49860D1E4AA82600480356;
			productRefGroup = DD4986171E4AA82600480356 /* Products */;
			projectDirPath = "";
			projectRoot = "";
			targets = (
				DD4986151E4AA82600480356 /* IsItPrime */,
				DD4986291E4AA82600480356 /* IsItPrimeTests */,
				DD4986341E4AA82600480356 /* IsItPrimeUITests */,
			);
		};
/* End PBXProject section */

/* Begin PBXResourcesBuildPhase section */
		DD4986141E4AA82600480356 /* Resources */ = {
			isa = PBXResourcesBuildPhase;
			buildActionMask = 2147483647;
			files = (
				DD4986241E4AA82600480356 /* LaunchScreen.storyboard in Resources */,
				DD4986211E4AA82600480356 /* Assets.xcassets in Resources */,
				DD49861F1E4AA82600480356 /* Main.storyboard in Resources */,
			);
			runOnlyForDeploymentPostprocessing = 0;
		};
		DD4986281E4AA82600480356 /* Resources */ = {
			isa = PBXResourcesBuildPhase;
			buildActionMask = 2147483647;
			files = (
			);
			runOnlyForDeploymentPostprocessing = 0;
		};
		DD4986331E4AA82600480356 /* Resources */ = {
			isa = PBXResourcesBuildPhase;
			buildActionMask = 2147483647;
			files = (
			);
			runOnlyForDeploymentPostprocessing = 0;
		};
/* End PBXResourcesBuildPhase section */

/* Begin PBXSourcesBuildPhase section */
		DD4986121E4AA82600480356 /* Sources */ = {
			isa = PBXSourcesBuildPhase;
			buildActionMask = 2147483647;
			files = (
				DD49861C1E4AA82600480356 /* ViewController.swift in Sources */,
				DD49861A1E4AA82600480356 /* AppDelegate.swift in Sources */,
			);
			runOnlyForDeploymentPostprocessing = 0;
		};
		DD4986261E4AA82600480356 /* Sources */ = {
			isa = PBXSourcesBuildPhase;
			buildActionMask = 2147483647;
			files = (
				DD49862F1E4AA82600480356 /* IsItPrimeTests.swift in Sources */,
			);
			runOnlyForDeploymentPostprocessing = 0;
		};
		DD4986311E4AA82600480356 /* Sources */ = {
			isa = PBXSourcesBuildPhase;
			buildActionMask = 2147483647;
			files = (
				DD49863A1E4AA82600480356 /* IsItPrimeUITests.swift in Sources */,
			);
			runOnlyForDeploymentPostprocessing = 0;
		};
/* End PBXSourcesBuildPhase section */

/* Begin PBXTargetDependency section */
		DD49862C1E4AA82600480356 /* PBXTargetDependency */ = {
			isa = PBXTargetDependency;
			target = DD4986151E4AA82600480356 /* IsItPrime */;
			targetProxy = DD49862B1E4AA82600480356 /* PBXContainerItemProxy */;
		};
		DD4986371E4AA82600480356 /* PBXTargetDependency */ = {
			isa = PBXTargetDependency;
			target = DD4986151E4AA82600480356 /* IsItPrime */;
			targetProxy = DD4986361E4AA82600480356 /* PBXContainerItemProxy */;
		};
/* End PBXTargetDependency section */

/* Begin PBXVariantGroup section */
		DD49861D1E4AA82600480356 /* Main.storyboard */ = {
			isa = PBXVariantGroup;
			children = (
				DD49861E1E4AA82600480356 /* Base */,
			);
			name = Main.storyboard;
			sourceTree = "<group>";
		};
		DD4986221E4AA82600480356 /* LaunchScreen.storyboard */ = {
			isa = PBXVariantGroup;
			children = (
				DD4986231E4AA82600480356 /* Base */,
			);
			name = LaunchScreen.storyboard;
			sourceTree = "<group>";
		};
/* End PBXVariantGroup section */

/* Begin XCBuildConfiguration section */
		DD49863C1E4AA82600480356 /* Debug */ = {
			isa = XCBuildConfiguration;
			buildSettings = {
				ALWAYS_SEARCH_USER_PATHS = NO;
				CLANG_CXX_LANGUAGE_STANDARD = "gnu++0x";
				CLANG_CXX_LIBRARY = "libc++";
				CLANG_ENABLE_MODULES = YES;
				CLANG_ENABLE_OBJC_ARC = YES;
				CLANG_WARN_BOOL_CONVERSION = YES;
				CLANG_WARN_CONSTANT_CONVERSION = YES;
				CLANG_WARN_DIRECT_OBJC_ISA_USAGE = YES_ERROR;
				CLANG_WARN_EMPTY_BODY = YES;
				CLANG_WARN_ENUM_CONVERSION = YES;
				CLANG_WARN_INT_CONVERSION = YES;
				CLANG_WARN_OBJC_ROOT_CLASS = YES_ERROR;
				CLANG_WARN_UNREACHABLE_CODE = YES;
				CLANG_WARN__DUPLICATE_METHOD_MATCH = YES;
				"CODE_SIGN_IDENTITY[sdk=iphoneos*]" = "iPhone Developer";
				COPY_PHASE_STRIP = NO;
				DEBUG_INFORMATION_FORMAT = dwarf;
				ENABLE_STRICT_OBJC_MSGSEND = YES;
				ENABLE_TESTABILITY = YES;
				GCC_C_LANGUAGE_STANDARD = gnu99;
				GCC_DYNAMIC_NO_PIC = NO;
				GCC_NO_COMMON_BLOCKS = YES;
				GCC_OPTIMIZATION_LEVEL = 0;
				GCC_PREPROCESSOR_DEFINITIONS = (
					"DEBUG=1",
					"$(inherited)",
				);
				GCC_WARN_64_TO_32_BIT_CONVERSION = YES;
				GCC_WARN_ABOUT_RETURN_TYPE = YES_ERROR;
				GCC_WARN_UNDECLARED_SELECTOR = YES;
				GCC_WARN_UNINITIALIZED_AUTOS = YES_AGGRESSIVE;
				GCC_WARN_UNUSED_FUNCTION = YES;
				GCC_WARN_UNUSED_VARIABLE = YES;
				IPHONEOS_DEPLOYMENT_TARGET = 9.1;
				MTL_ENABLE_DEBUG_INFO = YES;
				ONLY_ACTIVE_ARCH = YES;
				SDKROOT = iphoneos;
				SWIFT_OPTIMIZATION_LEVEL = "-Onone";
				TARGETED_DEVICE_FAMILY = "1,2";
			};
			name = Debug;
		};
		DD49863D1E4AA82600480356 /* Release */ = {
			isa = XCBuildConfiguration;
			buildSettings = {
				ALWAYS_SEARCH_USER_PATHS = NO;
				CLANG_CXX_LANGUAGE_STANDARD = "gnu++0x";
				CLANG_CXX_LIBRARY = "libc++";
				CLANG_ENABLE_MODULES = YES;
				CLANG_ENABLE_OBJC_ARC = YES;
				CLANG_WARN_BOOL_CONVERSION = YES;
				CLANG_WARN_CONSTANT_CONVERSION = YES;
				CLANG_WARN_DIRECT_OBJC_ISA_USAGE = YES_ERROR;
				CLANG_WARN_EMPTY_BODY = YES;
				CLANG_WARN_ENUM_CONVERSION = YES;
				CLANG_WARN_INT_CONVERSION = YES;
				CLANG_WARN_OBJC_ROOT_CLASS = YES_ERROR;
				CLANG_WARN_UNREACHABLE_CODE = YES;
				CLANG_WARN__DUPLICATE_METHOD_MATCH = YES;
				"CODE_SIGN_IDENTITY[sdk=iphoneos*]" = "iPhone Developer";
				COPY_PHASE_STRIP = NO;
				DEBUG_INFORMATION_FORMAT = "dwarf-with-dsym";
				ENABLE_NS_ASSERTIONS = NO;
				ENABLE_STRICT_OBJC_MSGSEND = YES;
				GCC_C_LANGUAGE_STANDARD = gnu99;
				GCC_NO_COMMON_BLOCKS = YES;
				GCC_WARN_64_TO_32_BIT_CONVERSION = YES;
				GCC_WARN_ABOUT_RETURN_TYPE = YES_ERROR;
				GCC_WARN_UNDECLARED_SELECTOR = YES;
				GCC_WARN_UNINITIALIZED_AUTOS = YES_AGGRESSIVE;
				GCC_WARN_UNUSED_FUNCTION = YES;
				GCC_WARN_UNUSED_VARIABLE = YES;
				IPHONEOS_DEPLOYMENT_TARGET = 9.1;
				MTL_ENABLE_DEBUG_INFO = NO;
				SDKROOT = iphoneos;
				TARGETED_DEVICE_FAMILY = "1,2";
				VALIDATE_PRODUCT = YES;
			};
			name = Release;
		};
		DD49863F1E4AA82600480356 /* Debug */ = {
			isa = XCBuildConfiguration;
			buildSettings = {
				ASSETCATALOG_COMPILER_APPICON_NAME = AppIcon;
				INFOPLIST_FILE = IsItPrime/Info.plist;
				LD_RUNPATH_SEARCH_PATHS = "$(inherited) @executable_path/Frameworks";
				PRODUCT_BUNDLE_IDENTIFIER = com.nshah.IsItPrime;
				PRODUCT_NAME = "$(TARGET_NAME)";
			};
			name = Debug;
		};
		DD4986401E4AA82600480356 /* Release */ = {
			isa = XCBuildConfiguration;
			buildSettings = {
				ASSETCATALOG_COMPILER_APPICON_NAME = AppIcon;
				INFOPLIST_FILE = IsItPrime/Info.plist;
				LD_RUNPATH_SEARCH_PATHS = "$(inherited) @executable_path/Frameworks";
				PRODUCT_BUNDLE_IDENTIFIER = com.nshah.IsItPrime;
				PRODUCT_NAME = "$(TARGET_NAME)";
			};
			name = Release;
		};
		DD4986421E4AA82600480356 /* Debug */ = {
			isa = XCBuildConfiguration;
			buildSettings = {
				BUNDLE_LOADER = "$(TEST_HOST)";
				INFOPLIST_FILE = IsItPrimeTests/Info.plist;
				LD_RUNPATH_SEARCH_PATHS = "$(inherited) @executable_path/Frameworks @loader_path/Frameworks";
				PRODUCT_BUNDLE_IDENTIFIER = com.nshah.IsItPrimeTests;
				PRODUCT_NAME = "$(TARGET_NAME)";
				TEST_HOST = "$(BUILT_PRODUCTS_DIR)/IsItPrime.app/IsItPrime";
			};
			name = Debug;
		};
		DD4986431E4AA82600480356 /* Release */ = {
			isa = XCBuildConfiguration;
			buildSettings = {
				BUNDLE_LOADER = "$(TEST_HOST)";
				INFOPLIST_FILE = IsItPrimeTests/Info.plist;
				LD_RUNPATH_SEARCH_PATHS = "$(inherited) @executable_path/Frameworks @loader_path/Frameworks";
				PRODUCT_BUNDLE_IDENTIFIER = com.nshah.IsItPrimeTests;
				PRODUCT_NAME = "$(TARGET_NAME)";
				TEST_HOST = "$(BUILT_PRODUCTS_DIR)/IsItPrime.app/IsItPrime";
			};
			name = Release;
		};
		DD4986451E4AA82600480356 /* Debug */ = {
			isa = XCBuildConfiguration;
			buildSettings = {
				INFOPLIST_FILE = IsItPrimeUITests/Info.plist;
				LD_RUNPATH_SEARCH_PATHS = "$(inherited) @executable_path/Frameworks @loader_path/Frameworks";
				PRODUCT_BUNDLE_IDENTIFIER = com.nshah.IsItPrimeUITests;
				PRODUCT_NAME = "$(TARGET_NAME)";
				TEST_TARGET_NAME = IsItPrime;
				USES_XCTRUNNER = YES;
			};
			name = Debug;
		};
		DD4986461E4AA82600480356 /* Release */ = {
			isa = XCBuildConfiguration;
			buildSettings = {
				INFOPLIST_FILE = IsItPrimeUITests/Info.plist;
				LD_RUNPATH_SEARCH_PATHS = "$(inherited) @executable_path/Frameworks @loader_path/Frameworks";
				PRODUCT_BUNDLE_IDENTIFIER = com.nshah.IsItPrimeUITests;
				PRODUCT_NAME = "$(TARGET_NAME)";
				TEST_TARGET_NAME = IsItPrime;
				USES_XCTRUNNER = YES;
			};
			name = Release;
		};
/* End XCBuildConfiguration section */

/* Begin XCConfigurationList section */
		DD4986111E4AA82600480356 /* Build configuration list for PBXProject "IsItPrime" */ = {
			isa = XCConfigurationList;
			buildConfigurations = (
				DD49863C1E4AA82600480356 /* Debug */,
				DD49863D1E4AA82600480356 /* Release */,
			);
			defaultConfigurationIsVisible = 0;
			defaultConfigurationName = Release;
		};
		DD49863E1E4AA82600480356 /* Build configuration list for PBXNativeTarget "IsItPrime" */ = {
			isa = XCConfigurationList;
			buildConfigurations = (
				DD49863F1E4AA82600480356 /* Debug */,
				DD4986401E4AA82600480356 /* Release */,
			);
			defaultConfigurationIsVisible = 0;
		};
		DD4986411E4AA82600480356 /* Build configuration list for PBXNativeTarget "IsItPrimeTests" */ = {
			isa = XCConfigurationList;
			buildConfigurations = (
				DD4986421E4AA82600480356 /* Debug */,
				DD4986431E4AA82600480356 /* Release */,
			);
			defaultConfigurationIsVisible = 0;
		};
		DD4986441E4AA82600480356 /* Build configuration list for PBXNativeTarget "IsItPrimeUITests" */ = {
			isa = XCConfigurationList;
			buildConfigurations = (
				DD4986451E4AA82600480356 /* Debug */,
				DD4986461E4AA82600480356 /* Release */,
			);
			defaultConfigurationIsVisible = 0;
		};
/* End XCConfigurationList section */
	};
	rootObject = DD49860E1E4AA82600480356 /* Project object */;
}
